
Microsoft Visual Studio Solution File, Format Version 12.00
# Visual Studio Version 16
VisualStudioVersion = 16.0.29411.108
MinimumVisualStudioVersion = 10.0.40219.1
Project("{FAE04EC0-301F-11D3-BF4B-00C04F79EFBC}") = "MeasurePlayer", "MeasurePlayer\MeasurePlayer.csproj", "{B0E25CF4-E7D5-494D-85AE-461950F60E7E}"
EndProject
Project("{9A19103F-16F7-4668-BE54-9A1E7A4F7556}") = "MeasurePlayer.Tests", "MeasurePlayer.Tests\MeasurePlayer.Tests.csproj", "{62F6DF6F-4F3C-4FB2-80A7-B885624386C7}"
EndProject
Project("{2150E333-8FDC-42A3-9474-1A3956D46DE8}") = "docs", "docs", "{BD59CBBF-3258-4E73-A947-B8F02AD83589}"
	ProjectSection(SolutionItems) = preProject
		Readme.md = Readme.md
		.paket\Readme.paket.md = .paket\Readme.paket.md
		Readme.se.txt = Readme.se.txt
	EndProjectSection
EndProject
Global
	GlobalSection(SolutionConfigurationPlatforms) = preSolution
		Debug|Any CPU = Debug|Any CPU
		Release|Any CPU = Release|Any CPU
	EndGlobalSection
	GlobalSection(ProjectConfigurationPlatforms) = postSolution
		{B0E25CF4-E7D5-494D-85AE-461950F60E7E}.Debug|Any CPU.ActiveCfg = Debug|Any CPU
		{B0E25CF4-E7D5-494D-85AE-461950F60E7E}.Debug|Any CPU.Build.0 = Debug|Any CPU
		{B0E25CF4-E7D5-494D-85AE-461950F60E7E}.Release|Any CPU.ActiveCfg = Release|Any CPU
		{B0E25CF4-E7D5-494D-85AE-461950F60E7E}.Release|Any CPU.Build.0 = Release|Any CPU
		{62F6DF6F-4F3C-4FB2-80A7-B885624386C7}.Debug|Any CPU.ActiveCfg = Debug|Any CPU
		{62F6DF6F-4F3C-4FB2-80A7-B885624386C7}.Debug|Any CPU.Build.0 = Debug|Any CPU
		{62F6DF6F-4F3C-4FB2-80A7-B885624386C7}.Release|Any CPU.ActiveCfg = Release|Any CPU
		{62F6DF6F-4F3C-4FB2-80A7-B885624386C7}.Release|Any CPU.Build.0 = Release|Any CPU
	EndGlobalSection
	GlobalSection(SolutionProperties) = preSolution
		HideSolutionNode = FALSE
	EndGlobalSection
	GlobalSection(ExtensibilityGlobals) = postSolution
		SolutionGuid = {640EC502-7C15-47AF-8628-090ECC800240}
	EndGlobalSection
EndGlobal
